
Microsoft Visual Studio Solution File, Format Version 12.00
# Visual Studio Version 16
VisualStudioVersion = 16.0.31727.386
MinimumVisualStudioVersion = 10.0.40219.1
Project("{888888A0-9F3D-457C-B088-3A5042F75D52}") = "deneme", "deneme\deneme.pyproj", "{B1EBAAFE-4174-4E12-B84B-13E2E8A67ED0}"
EndProject
Project("{888888A0-9F3D-457C-B088-3A5042F75D52}") = "deneme_control", "deneme_control\deneme_control.pyproj", "{3333ECBC-A648-4275-B8BB-49295B7B7851}"
EndProject
Global
	GlobalSection(SolutionConfigurationPlatforms) = preSolution
		Debug|Any CPU = Debug|Any CPU
		Release|Any CPU = Release|Any CPU
	EndGlobalSection
	GlobalSection(ProjectConfigurationPlatforms) = postSolution
		{B1EBAAFE-4174-4E12-B84B-13E2E8A67ED0}.Debug|Any CPU.ActiveCfg = Debug|Any CPU
		{B1EBAAFE-4174-4E12-B84B-13E2E8A67ED0}.Release|Any CPU.ActiveCfg = Release|Any CPU
		{3333ECBC-A648-4275-B8BB-49295B7B7851}.Debug|Any CPU.ActiveCfg = Debug|Any CPU
		{3333ECBC-A648-4275-B8BB-49295B7B7851}.Release|Any CPU.ActiveCfg = Release|Any CPU
	EndGlobalSection
	GlobalSection(SolutionProperties) = preSolution
		HideSolutionNode = FALSE
	EndGlobalSection
	GlobalSection(ExtensibilityGlobals) = postSolution
		SolutionGuid = {3982AA8C-89C1-4FC1-868D-2D676A02444B}
	EndGlobalSection
EndGlobal
